
Microsoft Visual Studio Solution File, Format Version 12.00
# Visual Studio Version 17
VisualStudioVersion = 17.11.35222.181
MinimumVisualStudioVersion = 10.0.40219.1
Project("{9A19103F-16F7-4668-BE54-9A1E7A4F7556}") = "VehicleServiceApi", "VehicleServiceApi\VehicleServiceApi.csproj", "{C1B5A4D3-A4D0-433D-A74A-D8DBC59B73BD}"
EndProject
Project("{9A19103F-16F7-4668-BE54-9A1E7A4F7556}") = "BookingServiceApi", "BookingServiceApi\BookingServiceApi.csproj", "{22A482CB-007A-4A72-ADAE-4D6815D1FE37}"
EndProject
Project("{9A19103F-16F7-4668-BE54-9A1E7A4F7556}") = "PaymentServiceApi", "PaymentService\PaymentServiceApi.csproj", "{7CADA8AA-46D8-468D-BA66-A0BA2D4445CA}"
EndProject
Project("{9A19103F-16F7-4668-BE54-9A1E7A4F7556}") = "GatewayPoint", "GatewayPoint\GatewayPoint.csproj", "{827EC133-8CE2-4C5D-8B2E-78B0549AAC46}"
EndProject
Project("{9A19103F-16F7-4668-BE54-9A1E7A4F7556}") = "Common", "Common\Common.csproj", "{5A92867E-93F6-41A9-AB1D-BF1A83204DD1}"
EndProject
Project("{FAE04EC0-301F-11D3-BF4B-00C04F79EFBC}") = "AuthenticationApi", "AuthenticationApi\AuthenticationApi.csproj", "{C6AC2D55-C7CB-4B9D-937B-EFBD8FC05F59}"
EndProject
Global
	GlobalSection(SolutionConfigurationPlatforms) = preSolution
		Debug|Any CPU = Debug|Any CPU
		Release|Any CPU = Release|Any CPU
	EndGlobalSection
	GlobalSection(ProjectConfigurationPlatforms) = postSolution
		{C1B5A4D3-A4D0-433D-A74A-D8DBC59B73BD}.Debug|Any CPU.ActiveCfg = Debug|Any CPU
		{C1B5A4D3-A4D0-433D-A74A-D8DBC59B73BD}.Debug|Any CPU.Build.0 = Debug|Any CPU
		{C1B5A4D3-A4D0-433D-A74A-D8DBC59B73BD}.Release|Any CPU.ActiveCfg = Release|Any CPU
		{C1B5A4D3-A4D0-433D-A74A-D8DBC59B73BD}.Release|Any CPU.Build.0 = Release|Any CPU
		{22A482CB-007A-4A72-ADAE-4D6815D1FE37}.Debug|Any CPU.ActiveCfg = Debug|Any CPU
		{22A482CB-007A-4A72-ADAE-4D6815D1FE37}.Debug|Any CPU.Build.0 = Debug|Any CPU
		{22A482CB-007A-4A72-ADAE-4D6815D1FE37}.Release|Any CPU.ActiveCfg = Release|Any CPU
		{22A482CB-007A-4A72-ADAE-4D6815D1FE37}.Release|Any CPU.Build.0 = Release|Any CPU
		{7CADA8AA-46D8-468D-BA66-A0BA2D4445CA}.Debug|Any CPU.ActiveCfg = Debug|Any CPU
		{7CADA8AA-46D8-468D-BA66-A0BA2D4445CA}.Debug|Any CPU.Build.0 = Debug|Any CPU
		{7CADA8AA-46D8-468D-BA66-A0BA2D4445CA}.Release|Any CPU.ActiveCfg = Release|Any CPU
		{7CADA8AA-46D8-468D-BA66-A0BA2D4445CA}.Release|Any CPU.Build.0 = Release|Any CPU
		{827EC133-8CE2-4C5D-8B2E-78B0549AAC46}.Debug|Any CPU.ActiveCfg = Debug|Any CPU
		{827EC133-8CE2-4C5D-8B2E-78B0549AAC46}.Debug|Any CPU.Build.0 = Debug|Any CPU
		{827EC133-8CE2-4C5D-8B2E-78B0549AAC46}.Release|Any CPU.ActiveCfg = Release|Any CPU
		{827EC133-8CE2-4C5D-8B2E-78B0549AAC46}.Release|Any CPU.Build.0 = Release|Any CPU
		{5A92867E-93F6-41A9-AB1D-BF1A83204DD1}.Debug|Any CPU.ActiveCfg = Debug|Any CPU
		{5A92867E-93F6-41A9-AB1D-BF1A83204DD1}.Debug|Any CPU.Build.0 = Debug|Any CPU
		{5A92867E-93F6-41A9-AB1D-BF1A83204DD1}.Release|Any CPU.ActiveCfg = Release|Any CPU
		{5A92867E-93F6-41A9-AB1D-BF1A83204DD1}.Release|Any CPU.Build.0 = Release|Any CPU
		{C6AC2D55-C7CB-4B9D-937B-EFBD8FC05F59}.Debug|Any CPU.ActiveCfg = Debug|Any CPU
		{C6AC2D55-C7CB-4B9D-937B-EFBD8FC05F59}.Debug|Any CPU.Build.0 = Debug|Any CPU
		{C6AC2D55-C7CB-4B9D-937B-EFBD8FC05F59}.Release|Any CPU.ActiveCfg = Release|Any CPU
		{C6AC2D55-C7CB-4B9D-937B-EFBD8FC05F59}.Release|Any CPU.Build.0 = Release|Any CPU
	EndGlobalSection
	GlobalSection(SolutionProperties) = preSolution
		HideSolutionNode = FALSE
	EndGlobalSection
	GlobalSection(ExtensibilityGlobals) = postSolution
		SolutionGuid = {9B3645B4-8EE7-41F7-8374-C230AE09E99A}
	EndGlobalSection
EndGlobal
